// !$*UTF8*$!
{
	archiveVersion = 1;
	classes = {
	};
	objectVersion = 56;
	objects = {

/* Begin PBXBuildFile section */
		F93F0FC3313E4B22BE6D4C79 /* FirebaseCore in Frameworks */ = {isa = PBXBuildFile; productRef = 9EE952BDC8C84275BA44757F /* FirebaseCore */; };
		0763037B4AD447589AF4A519 /* FirebaseAuth in Frameworks */ = {isa = PBXBuildFile; productRef = 0D4685C4D8644F089CB0C03D /* FirebaseAuth */; };
		6177082FC3E140AE8F013860 /* FirebaseFirestore in Frameworks */ = {isa = PBXBuildFile; productRef = 48686796E0384FFF865DA1B2 /* FirebaseFirestore */; };
		2095C50EF52A480D82069BA8 /* NomadApp.swift in Sources */ = {isa = PBXBuildFile; fileRef = 96AB8F13EB564CBDA2460F55 /* NomadApp.swift */; };
		6D05384D05EA4CB0A467BDDE /* AppDelegate.swift in Sources */ = {isa = PBXBuildFile; fileRef = 6BCDCF7500B445F5AEBDF02F /* AppDelegate.swift */; };
		F9BE07D021994160B7542BA4 /* ContentView.swift in Sources */ = {isa = PBXBuildFile; fileRef = 528632E14E3F411192BA5560 /* ContentView.swift */; };
		4B751712728A4FCDB10D3B6F /* AppFont.swift in Sources */ = {isa = PBXBuildFile; fileRef = 268B146F356F475EABAC6436 /* AppFont.swift */; };
		14781ED6E9FF43CFA1727A08 /* AppColors.swift in Sources */ = {isa = PBXBuildFile; fileRef = 9DED0A3A5378443E9B959AD5 /* AppColors.swift */; };
		8B8907A07BA14115BE970B00 /* PanelGradient.swift in Sources */ = {isa = PBXBuildFile; fileRef = 42CD8ECB346049A2A67D41DE /* PanelGradient.swift */; };
		BAB1B9137B594C2CABFA9A0E /* FirebaseService.swift in Sources */ = {isa = PBXBuildFile; fileRef = 9C9245CA396446D896EA50F6 /* FirebaseService.swift */; };
		F360014E61104CF6BF9FDC5B /* Assets.xcassets in Resources */ = {isa = PBXBuildFile; fileRef = 20975FB83A0E434BA323E8C7 /* Assets.xcassets */; };
		C98FE2FDD90349E0B94C1E03 /* Inter-Regular.ttf in Resources */ = {isa = PBXBuildFile; fileRef = D4477F0441A44305908292A1 /* Inter-Regular.ttf */; };
		A66194437CE04E958ABD4DFA /* Inter-SemiBold.ttf in Resources */ = {isa = PBXBuildFile; fileRef = 2C9CB6DB828A4E6F9C335D66 /* Inter-SemiBold.ttf */; };
		9D5C59EAC5D648CA91150019 /* PlayfairDisplay-Regular.otf in Resources */ = {isa = PBXBuildFile; fileRef = 0A3055CBDFA84C0790358811 /* PlayfairDisplay-Regular.otf */; };
		005EF683D0254C09A61CA830 /* PlayfairDisplay-SemiBold.otf in Resources */ = {isa = PBXBuildFile; fileRef = 48E30326CFC44723A8BC0A45 /* PlayfairDisplay-SemiBold.otf */; };
		84AC54965EDD481D8D74EFD9 /* grain-noise.png in Resources */ = {isa = PBXBuildFile; fileRef = 5D299DB49ACB4F0E9B748D1E /* grain-noise.png */; };
		A1B2C3D4E5F6A7B8C9D0E1F2 /* countries-simplified.geojson in Resources */ = {isa = PBXBuildFile; fileRef = B2C3D4E5F6A7B8C9D0E1F2A3 /* countries-simplified.geojson */; };
		AAFF11223344556677889900 /* earth-texture.jpg in Resources */ = {isa = PBXBuildFile; fileRef = BBFF11223344556677889900 /* earth-texture.jpg */; };
		AAFF22334455667788990011 /* earth-day.jpg in Resources */ = {isa = PBXBuildFile; fileRef = BBFF22334455667788990011 /* earth-day.jpg */; };
		AAFF33445566778899001122 /* earth-night.jpg in Resources */ = {isa = PBXBuildFile; fileRef = BBFF33445566778899001122 /* earth-night.jpg */; };
		C3D4E5F6A7B8C9D0E1F2A3B4 /* CountryFeature.swift in Sources */ = {isa = PBXBuildFile; fileRef = D4E5F6A7B8C9D0E1F2A3B4C5 /* CountryFeature.swift */; };
		E5F6A7B8C9D0E1F2A3B4C5D6 /* GeoJSONParser.swift in Sources */ = {isa = PBXBuildFile; fileRef = F6A7B8C9D0E1F2A3B4C5D6E7 /* GeoJSONParser.swift */; };
		AA01BB02CC03DD04EE05FF06 /* GlobeCountryOverlay.swift in Sources */ = {isa = PBXBuildFile; fileRef = BB01CC02DD03EE04FF05AA06 /* GlobeCountryOverlay.swift */; };
		AA02BB03CC04DD05EE06FF07 /* GlobeViewModel.swift in Sources */ = {isa = PBXBuildFile; fileRef = BB02CC03DD04EE05FF06AA07 /* GlobeViewModel.swift */; };
		AA03BB04CC05DD06EE07FF08 /* GlobeView.swift in Sources */ = {isa = PBXBuildFile; fileRef = BB03CC04DD05EE06FF07AA08 /* GlobeView.swift */; };
		CC04DD05EE06FF07AA08BB09 /* GlobePinpoint.swift in Sources */ = {isa = PBXBuildFile; fileRef = DD04EE05FF06AA07BB08CC09 /* GlobePinpoint.swift */; };
		EE05FF06AA07BB08CC09DD05 /* ProfileSheet.swift in Sources */ = {isa = PBXBuildFile; fileRef = FF05AA06BB07CC08DD09EE06 /* ProfileSheet.swift */; };
		AA06BB07CC08DD09EE05FF06 /* TripDetailSheet.swift in Sources */ = {isa = PBXBuildFile; fileRef = BB06CC07DD08EE09FF05AA07 /* TripDetailSheet.swift */; };
		A100B200C300D400E500F601 /* AuthManager.swift in Sources */ = {isa = PBXBuildFile; fileRef = A101B201C301D401E501F601 /* AuthManager.swift */; };
		A100B200C300D400E500F602 /* UserService.swift in Sources */ = {isa = PBXBuildFile; fileRef = A101B201C301D401E501F602 /* UserService.swift */; };
		A100B200C300D400E500F603 /* RoutePoint.swift in Sources */ = {isa = PBXBuildFile; fileRef = A101B201C301D401E501F603 /* RoutePoint.swift */; };
		A100B200C300D400E500F604 /* TripLocal.swift in Sources */ = {isa = PBXBuildFile; fileRef = A101B201C301D401E501F604 /* TripLocal.swift */; };
		A100B200C300D400E500F605 /* FirestoreSchema.swift in Sources */ = {isa = PBXBuildFile; fileRef = A101B201C301D401E501F605 /* FirestoreSchema.swift */; };
		PC01PC02PC03PC04PC05PC06 /* PlaceCategoryService.swift in Sources */ = {isa = PBXBuildFile; fileRef = PC11PC12PC13PC14PC15PC16 /* PlaceCategoryService.swift */; };
		TS01TS02TS03TS04TS05TS06 /* TripService.swift in Sources */ = {isa = PBXBuildFile; fileRef = TS11TS12TS13TS14TS15TS16 /* TripService.swift */; };
		LC01LC02LC03LC04LC05LC06 /* LocationManager.swift in Sources */ = {isa = PBXBuildFile; fileRef = LC11LC12LC13LC14LC15LC16 /* LocationManager.swift */; };
		LC02LC03LC04LC05LC06LC07 /* VisitMonitor.swift in Sources */ = {isa = PBXBuildFile; fileRef = LC12LC13LC14LC15LC16LC17 /* VisitMonitor.swift */; };
		LC03LC04LC05LC06LC07LC08 /* RouteSimplifier.swift in Sources */ = {isa = PBXBuildFile; fileRef = LC13LC14LC15LC16LC17LC18 /* RouteSimplifier.swift */; };
		OB01OB02OB03OB04OB05OB06 /* OnboardingCoordinator.swift in Sources */ = {isa = PBXBuildFile; fileRef = OB11OB12OB13OB14OB15OB16 /* OnboardingCoordinator.swift */; };
		OB02OB03OB04OB05OB06OB07 /* OnboardingView.swift in Sources */ = {isa = PBXBuildFile; fileRef = OB12OB13OB14OB15OB16OB17 /* OnboardingView.swift */; };
		OB03OB04OB05OB06OB07OB08 /* WelcomeScreen.swift in Sources */ = {isa = PBXBuildFile; fileRef = OB13OB14OB15OB16OB17OB18 /* WelcomeScreen.swift */; };
		OB04OB05OB06OB07OB08OB09 /* SignUpScreen.swift in Sources */ = {isa = PBXBuildFile; fileRef = OB14OB15OB16OB17OB18OB19 /* SignUpScreen.swift */; };
		OB05OB06OB07OB08OB09OB10 /* HandleScreen.swift in Sources */ = {isa = PBXBuildFile; fileRef = OB15OB16OB17OB18OB19OB20 /* HandleScreen.swift */; };
		OB06OB07OB08OB09OB10OB11 /* LocationPermissionScreen.swift in Sources */ = {isa = PBXBuildFile; fileRef = OB16OB17OB18OB19OB20OB21 /* LocationPermissionScreen.swift */; };
		OB07OB08OB09OB10OB11OB12 /* PhotosPermissionScreen.swift in Sources */ = {isa = PBXBuildFile; fileRef = OB17OB18OB19OB20OB21OB22 /* PhotosPermissionScreen.swift */; };
		OB08OB09OB10OB11OB12OB13 /* DiscoveryScopeScreen.swift in Sources */ = {isa = PBXBuildFile; fileRef = OB18OB19OB20OB21OB22OB23 /* DiscoveryScopeScreen.swift */; };
		OB09OB10OB11OB12OB13OB14 /* HomeCityScreen.swift in Sources */ = {isa = PBXBuildFile; fileRef = OB19OB20OB21OB22OB23OB24 /* HomeCityScreen.swift */; };
/* End PBXBuildFile section */

/* Begin PBXFileReference section */
		0191C5FEC2C84767ADCC712A /* Nomad.app */ = {isa = PBXFileReference; explicitFileType = wrapper.application; includeInIndex = 0; path = Nomad.app; sourceTree = BUILT_PRODUCTS_DIR; };
		96AB8F13EB564CBDA2460F55 /* NomadApp.swift */ = {isa = PBXFileReference; lastKnownFileType = sourcecode.swift; path = NomadApp.swift; sourceTree = "<group>"; };
		6BCDCF7500B445F5AEBDF02F /* AppDelegate.swift */ = {isa = PBXFileReference; lastKnownFileType = sourcecode.swift; path = AppDelegate.swift; sourceTree = "<group>"; };
		528632E14E3F411192BA5560 /* ContentView.swift */ = {isa = PBXFileReference; lastKnownFileType = sourcecode.swift; path = ContentView.swift; sourceTree = "<group>"; };
		268B146F356F475EABAC6436 /* AppFont.swift */ = {isa = PBXFileReference; lastKnownFileType = sourcecode.swift; path = AppFont.swift; sourceTree = "<group>"; };
		9DED0A3A5378443E9B959AD5 /* AppColors.swift */ = {isa = PBXFileReference; lastKnownFileType = sourcecode.swift; path = AppColors.swift; sourceTree = "<group>"; };
		42CD8ECB346049A2A67D41DE /* PanelGradient.swift */ = {isa = PBXFileReference; lastKnownFileType = sourcecode.swift; path = PanelGradient.swift; sourceTree = "<group>"; };
		9C9245CA396446D896EA50F6 /* FirebaseService.swift */ = {isa = PBXFileReference; lastKnownFileType = sourcecode.swift; path = FirebaseService.swift; sourceTree = "<group>"; };
		D32422AB49024EB385B48A1F /* Info.plist */ = {isa = PBXFileReference; lastKnownFileType = text.plist.xml; path = Info.plist; sourceTree = "<group>"; };
		20975FB83A0E434BA323E8C7 /* Assets.xcassets */ = {isa = PBXFileReference; lastKnownFileType = folder.assetcatalog; path = Assets.xcassets; sourceTree = "<group>"; };
		D4477F0441A44305908292A1 /* Inter-Regular.ttf */ = {isa = PBXFileReference; lastKnownFileType = file; path = "Inter-Regular.ttf"; sourceTree = "<group>"; };
		2C9CB6DB828A4E6F9C335D66 /* Inter-SemiBold.ttf */ = {isa = PBXFileReference; lastKnownFileType = file; path = "Inter-SemiBold.ttf"; sourceTree = "<group>"; };
		0A3055CBDFA84C0790358811 /* PlayfairDisplay-Regular.otf */ = {isa = PBXFileReference; lastKnownFileType = file; path = "PlayfairDisplay-Regular.otf"; sourceTree = "<group>"; };
		48E30326CFC44723A8BC0A45 /* PlayfairDisplay-SemiBold.otf */ = {isa = PBXFileReference; lastKnownFileType = file; path = "PlayfairDisplay-SemiBold.otf"; sourceTree = "<group>"; };
		5D299DB49ACB4F0E9B748D1E /* grain-noise.png */ = {isa = PBXFileReference; lastKnownFileType = image.png; path = "grain-noise.png"; sourceTree = "<group>"; };
		B2C3D4E5F6A7B8C9D0E1F2A3 /* countries-simplified.geojson */ = {isa = PBXFileReference; lastKnownFileType = text.json; path = "countries-simplified.geojson"; sourceTree = "<group>"; };
		BBFF11223344556677889900 /* earth-texture.jpg */ = {isa = PBXFileReference; lastKnownFileType = image.jpeg; path = "earth-texture.jpg"; sourceTree = "<group>"; };
		BBFF22334455667788990011 /* earth-day.jpg */ = {isa = PBXFileReference; lastKnownFileType = image.jpeg; path = "earth-day.jpg"; sourceTree = "<group>"; };
		BBFF33445566778899001122 /* earth-night.jpg */ = {isa = PBXFileReference; lastKnownFileType = image.jpeg; path = "earth-night.jpg"; sourceTree = "<group>"; };
		D4E5F6A7B8C9D0E1F2A3B4C5 /* CountryFeature.swift */ = {isa = PBXFileReference; lastKnownFileType = sourcecode.swift; path = CountryFeature.swift; sourceTree = "<group>"; };
		F6A7B8C9D0E1F2A3B4C5D6E7 /* GeoJSONParser.swift */ = {isa = PBXFileReference; lastKnownFileType = sourcecode.swift; path = GeoJSONParser.swift; sourceTree = "<group>"; };
		BB01CC02DD03EE04FF05AA06 /* GlobeCountryOverlay.swift */ = {isa = PBXFileReference; lastKnownFileType = sourcecode.swift; path = GlobeCountryOverlay.swift; sourceTree = "<group>"; };
		BB02CC03DD04EE05FF06AA07 /* GlobeViewModel.swift */ = {isa = PBXFileReference; lastKnownFileType = sourcecode.swift; path = GlobeViewModel.swift; sourceTree = "<group>"; };
		BB03CC04DD05EE06FF07AA08 /* GlobeView.swift */ = {isa = PBXFileReference; lastKnownFileType = sourcecode.swift; path = GlobeView.swift; sourceTree = "<group>"; };
		DD04EE05FF06AA07BB08CC09 /* GlobePinpoint.swift */ = {isa = PBXFileReference; lastKnownFileType = sourcecode.swift; path = GlobePinpoint.swift; sourceTree = "<group>"; };
		FF05AA06BB07CC08DD09EE06 /* ProfileSheet.swift */ = {isa = PBXFileReference; lastKnownFileType = sourcecode.swift; path = ProfileSheet.swift; sourceTree = "<group>"; };
		BB06CC07DD08EE09FF05AA07 /* TripDetailSheet.swift */ = {isa = PBXFileReference; lastKnownFileType = sourcecode.swift; path = TripDetailSheet.swift; sourceTree = "<group>"; };
		A101B201C301D401E501F601 /* AuthManager.swift */ = {isa = PBXFileReference; lastKnownFileType = sourcecode.swift; path = AuthManager.swift; sourceTree = "<group>"; };
		A101B201C301D401E501F602 /* UserService.swift */ = {isa = PBXFileReference; lastKnownFileType = sourcecode.swift; path = UserService.swift; sourceTree = "<group>"; };
		A101B201C301D401E501F603 /* RoutePoint.swift */ = {isa = PBXFileReference; lastKnownFileType = sourcecode.swift; path = RoutePoint.swift; sourceTree = "<group>"; };
		A101B201C301D401E501F604 /* TripLocal.swift */ = {isa = PBXFileReference; lastKnownFileType = sourcecode.swift; path = TripLocal.swift; sourceTree = "<group>"; };
		A101B201C301D401E501F605 /* FirestoreSchema.swift */ = {isa = PBXFileReference; lastKnownFileType = sourcecode.swift; path = FirestoreSchema.swift; sourceTree = "<group>"; };
		PC11PC12PC13PC14PC15PC16 /* PlaceCategoryService.swift */ = {isa = PBXFileReference; lastKnownFileType = sourcecode.swift; path = PlaceCategoryService.swift; sourceTree = "<group>"; };
		TS11TS12TS13TS14TS15TS16 /* TripService.swift */ = {isa = PBXFileReference; lastKnownFileType = sourcecode.swift; path = TripService.swift; sourceTree = "<group>"; };
		LC11LC12LC13LC14LC15LC16 /* LocationManager.swift */ = {isa = PBXFileReference; lastKnownFileType = sourcecode.swift; path = LocationManager.swift; sourceTree = "<group>"; };
		LC12LC13LC14LC15LC16LC17 /* VisitMonitor.swift */ = {isa = PBXFileReference; lastKnownFileType = sourcecode.swift; path = VisitMonitor.swift; sourceTree = "<group>"; };
		LC13LC14LC15LC16LC17LC18 /* RouteSimplifier.swift */ = {isa = PBXFileReference; lastKnownFileType = sourcecode.swift; path = RouteSimplifier.swift; sourceTree = "<group>"; };
		OB11OB12OB13OB14OB15OB16 /* OnboardingCoordinator.swift */ = {isa = PBXFileReference; lastKnownFileType = sourcecode.swift; path = OnboardingCoordinator.swift; sourceTree = "<group>"; };
		OB12OB13OB14OB15OB16OB17 /* OnboardingView.swift */ = {isa = PBXFileReference; lastKnownFileType = sourcecode.swift; path = OnboardingView.swift; sourceTree = "<group>"; };
		OB13OB14OB15OB16OB17OB18 /* WelcomeScreen.swift */ = {isa = PBXFileReference; lastKnownFileType = sourcecode.swift; path = WelcomeScreen.swift; sourceTree = "<group>"; };
		OB14OB15OB16OB17OB18OB19 /* SignUpScreen.swift */ = {isa = PBXFileReference; lastKnownFileType = sourcecode.swift; path = SignUpScreen.swift; sourceTree = "<group>"; };
		OB15OB16OB17OB18OB19OB20 /* HandleScreen.swift */ = {isa = PBXFileReference; lastKnownFileType = sourcecode.swift; path = HandleScreen.swift; sourceTree = "<group>"; };
		OB16OB17OB18OB19OB20OB21 /* LocationPermissionScreen.swift */ = {isa = PBXFileReference; lastKnownFileType = sourcecode.swift; path = LocationPermissionScreen.swift; sourceTree = "<group>"; };
		OB17OB18OB19OB20OB21OB22 /* PhotosPermissionScreen.swift */ = {isa = PBXFileReference; lastKnownFileType = sourcecode.swift; path = PhotosPermissionScreen.swift; sourceTree = "<group>"; };
		OB18OB19OB20OB21OB22OB23 /* DiscoveryScopeScreen.swift */ = {isa = PBXFileReference; lastKnownFileType = sourcecode.swift; path = DiscoveryScopeScreen.swift; sourceTree = "<group>"; };
		OB19OB20OB21OB22OB23OB24 /* HomeCityScreen.swift */ = {isa = PBXFileReference; lastKnownFileType = sourcecode.swift; path = HomeCityScreen.swift; sourceTree = "<group>"; };
/* End PBXFileReference section */

/* Begin PBXFrameworksBuildPhase section */
		1982D9C01012430C81E37168 /* Frameworks */ = {
			isa = PBXFrameworksBuildPhase;
			buildActionMask = 2147483647;
			files = (
				F93F0FC3313E4B22BE6D4C79 /* FirebaseCore in Frameworks */,
				0763037B4AD447589AF4A519 /* FirebaseAuth in Frameworks */,
				6177082FC3E140AE8F013860 /* FirebaseFirestore in Frameworks */,
			);
			runOnlyForDeploymentPostprocessing = 0;
		};
/* End PBXFrameworksBuildPhase section */

/* Begin PBXGroup section */
		906FBF37AA3A482BAF52E053 /* Nomad */ = {
			isa = PBXGroup;
			children = (
				2003323777C24083B48CEEFA /* Nomad */,
				BB1A0507A57B4D2AAEFF7AC8 /* Products */,
			);
			sourceTree = "<group>";
		};
		BB1A0507A57B4D2AAEFF7AC8 /* Products */ = {
			isa = PBXGroup;
			children = (
				0191C5FEC2C84767ADCC712A /* Nomad.app */,
			);
			name = Products;
			sourceTree = "<group>";
		};
		2003323777C24083B48CEEFA /* Nomad */ = {
			isa = PBXGroup;
			children = (
				98DD09C6295642BB91E3CDBC /* App */,
				A200B200C300D400E500F601 /* Auth */,
				A200B200C300D400E500F602 /* Data */,
				LC20LC21LC22LC23LC24LC25 /* Location */,
				OB20OB21OB22OB23OB24OB25 /* Onboarding */,
				C41C5A496B8E41F2A5D259A7 /* DesignSystem */,
				5B92EEB797944183B407C00F /* Firebase */,
				A7B8C9D0E1F2A3B4C5D6E7F8 /* GeoJSON */,
				CC01DD02EE03FF04AA05BB06 /* Globe */,
				EE07FF08AA09BB05CC06DD07 /* Sheets */,
				87F5BAD506434B0A82F0C4FB /* Resources */,
				D32422AB49024EB385B48A1F /* Info.plist */,
				20975FB83A0E434BA323E8C7 /* Assets.xcassets */,
			);
			path = Nomad;
			sourceTree = "<group>";
		};
		98DD09C6295642BB91E3CDBC /* App */ = {
			isa = PBXGroup;
			children = (
				96AB8F13EB564CBDA2460F55 /* NomadApp.swift */,
				6BCDCF7500B445F5AEBDF02F /* AppDelegate.swift */,
				528632E14E3F411192BA5560 /* ContentView.swift */,
			);
			path = App;
			sourceTree = "<group>";
		};
		C41C5A496B8E41F2A5D259A7 /* DesignSystem */ = {
			isa = PBXGroup;
			children = (
				268B146F356F475EABAC6436 /* AppFont.swift */,
				9DED0A3A5378443E9B959AD5 /* AppColors.swift */,
				42CD8ECB346049A2A67D41DE /* PanelGradient.swift */,
			);
			path = DesignSystem;
			sourceTree = "<group>";
		};
		5B92EEB797944183B407C00F /* Firebase */ = {
			isa = PBXGroup;
			children = (
				9C9245CA396446D896EA50F6 /* FirebaseService.swift */,
			);
			path = Firebase;
			sourceTree = "<group>";
		};
		87F5BAD506434B0A82F0C4FB /* Resources */ = {
			isa = PBXGroup;
			children = (
				D4477F0441A44305908292A1 /* Inter-Regular.ttf */,
				2C9CB6DB828A4E6F9C335D66 /* Inter-SemiBold.ttf */,
				0A3055CBDFA84C0790358811 /* PlayfairDisplay-Regular.otf */,
				48E30326CFC44723A8BC0A45 /* PlayfairDisplay-SemiBold.otf */,
				5D299DB49ACB4F0E9B748D1E /* grain-noise.png */,
				B2C3D4E5F6A7B8C9D0E1F2A3 /* countries-simplified.geojson */,
				BBFF11223344556677889900 /* earth-texture.jpg */,
				BBFF22334455667788990011 /* earth-day.jpg */,
				BBFF33445566778899001122 /* earth-night.jpg */,
			);
			path = Resources;
			sourceTree = "<group>";
		};
		A7B8C9D0E1F2A3B4C5D6E7F8 /* GeoJSON */ = {
			isa = PBXGroup;
			children = (
				D4E5F6A7B8C9D0E1F2A3B4C5 /* CountryFeature.swift */,
				F6A7B8C9D0E1F2A3B4C5D6E7 /* GeoJSONParser.swift */,
			);
			path = GeoJSON;
			sourceTree = "<group>";
		};
		CC01DD02EE03FF04AA05BB06 /* Globe */ = {
			isa = PBXGroup;
			children = (
				BB01CC02DD03EE04FF05AA06 /* GlobeCountryOverlay.swift */,
				BB02CC03DD04EE05FF06AA07 /* GlobeViewModel.swift */,
				BB03CC04DD05EE06FF07AA08 /* GlobeView.swift */,
				DD04EE05FF06AA07BB08CC09 /* GlobePinpoint.swift */,
			);
			path = Globe;
			sourceTree = "<group>";
		};
		EE07FF08AA09BB05CC06DD07 /* Sheets */ = {
			isa = PBXGroup;
			children = (
				FF05AA06BB07CC08DD09EE06 /* ProfileSheet.swift */,
				BB06CC07DD08EE09FF05AA07 /* TripDetailSheet.swift */,
			);
			path = Sheets;
			sourceTree = "<group>";
		};
		A200B200C300D400E500F601 /* Auth */ = {
			isa = PBXGroup;
			children = (
				A101B201C301D401E501F601 /* AuthManager.swift */,
				A101B201C301D401E501F602 /* UserService.swift */,
			);
			path = Auth;
			sourceTree = "<group>";
		};
		A200B200C300D400E500F602 /* Data */ = {
			isa = PBXGroup;
			children = (
				A200B200C300D400E500F603 /* Models */,
				A101B201C301D401E501F605 /* FirestoreSchema.swift */,
				PC11PC12PC13PC14PC15PC16 /* PlaceCategoryService.swift */,
				TS11TS12TS13TS14TS15TS16 /* TripService.swift */,
			);
			path = Data;
			sourceTree = "<group>";
		};
		A200B200C300D400E500F603 /* Models */ = {
			isa = PBXGroup;
			children = (
				A101B201C301D401E501F603 /* RoutePoint.swift */,
				A101B201C301D401E501F604 /* TripLocal.swift */,
			);
			path = Models;
			sourceTree = "<group>";
		};
		LC20LC21LC22LC23LC24LC25 /* Location */ = {
			isa = PBXGroup;
			children = (
				LC11LC12LC13LC14LC15LC16 /* LocationManager.swift */,
				LC12LC13LC14LC15LC16LC17 /* VisitMonitor.swift */,
				LC13LC14LC15LC16LC17LC18 /* RouteSimplifier.swift */,
			);
			path = Location;
			sourceTree = "<group>";
		};
		OB20OB21OB22OB23OB24OB25 /* Onboarding */ = {
			isa = PBXGroup;
			children = (
				OB11OB12OB13OB14OB15OB16 /* OnboardingCoordinator.swift */,
				OB12OB13OB14OB15OB16OB17 /* OnboardingView.swift */,
				OB13OB14OB15OB16OB17OB18 /* WelcomeScreen.swift */,
				OB14OB15OB16OB17OB18OB19 /* SignUpScreen.swift */,
				OB15OB16OB17OB18OB19OB20 /* HandleScreen.swift */,
				OB16OB17OB18OB19OB20OB21 /* LocationPermissionScreen.swift */,
				OB17OB18OB19OB20OB21OB22 /* PhotosPermissionScreen.swift */,
				OB18OB19OB20OB21OB22OB23 /* DiscoveryScopeScreen.swift */,
				OB19OB20OB21OB22OB23OB24 /* HomeCityScreen.swift */,
			);
			path = Onboarding;
			sourceTree = "<group>";
		};
/* End PBXGroup section */

/* Begin PBXNativeTarget section */
		0A511892DA484B5B8E3B9D89 /* Nomad */ = {
			isa = PBXNativeTarget;
			buildConfigurationList = 604BB53155A147BAA7BB0C5D /* Build configuration list for PBXNativeTarget "Nomad" */;
			buildPhases = (
				75F106EDB76C44D7B3E2D41F /* Sources */,
				1982D9C01012430C81E37168 /* Frameworks */,
				561D23BCD6174AF98E8AA66C /* Resources */,
			);
			buildRules = (
			);
			dependencies = (
			);
			name = Nomad;
			packageProductDependencies = (
				9EE952BDC8C84275BA44757F /* FirebaseCore */,
				0D4685C4D8644F089CB0C03D /* FirebaseAuth */,
				48686796E0384FFF865DA1B2 /* FirebaseFirestore */,
			);
			productName = Nomad;
			productReference = 0191C5FEC2C84767ADCC712A /* Nomad.app */;
			productType = "com.apple.product-type.application";
		};
/* End PBXNativeTarget section */

/* Begin PBXProject section */
		C53AE09C1F6E442DA8B6C9DD /* Project object */ = {
			isa = PBXProject;
			attributes = {
				BuildIndependentTargetsInParallel = 1;
				LastSwiftUpdateCheck = 1600;
				LastUpgradeCheck = 1600;
				TargetAttributes = {
					0A511892DA484B5B8E3B9D89 = {
						CreatedOnToolsVersion = 16.0;
					};
				};
			};
			buildConfigurationList = 8780AE1103B94AC8AC36CC87 /* Build configuration list for PBXProject "Nomad" */;
			compatibilityVersion = "Xcode 14.0";
			developmentRegion = en;
			hasScannedForEncodings = 0;
			knownRegions = (
				en,
				Base,
			);
			mainGroup = 906FBF37AA3A482BAF52E053 /* Nomad */;
			packageReferences = (
				6D0DFF7CCD374DABA000D34F /* XCRemoteSwiftPackageReference "firebase-ios-sdk" */,
			);
			productRefGroup = BB1A0507A57B4D2AAEFF7AC8 /* Products */;
			projectDirPath = "";
			projectRoot = "";
			targets = (
				0A511892DA484B5B8E3B9D89 /* Nomad */,
			);
		};
/* End PBXProject section */

/* Begin PBXResourcesBuildPhase section */
		561D23BCD6174AF98E8AA66C /* Resources */ = {
			isa = PBXResourcesBuildPhase;
			buildActionMask = 2147483647;
			files = (
				F360014E61104CF6BF9FDC5B /* Assets.xcassets in Resources */,
				C98FE2FDD90349E0B94C1E03 /* Inter-Regular.ttf in Resources */,
				A66194437CE04E958ABD4DFA /* Inter-SemiBold.ttf in Resources */,
				9D5C59EAC5D648CA91150019 /* PlayfairDisplay-Regular.otf in Resources */,
				005EF683D0254C09A61CA830 /* PlayfairDisplay-SemiBold.otf in Resources */,
				84AC54965EDD481D8D74EFD9 /* grain-noise.png in Resources */,
				A1B2C3D4E5F6A7B8C9D0E1F2 /* countries-simplified.geojson in Resources */,
				AAFF11223344556677889900 /* earth-texture.jpg in Resources */,
				AAFF22334455667788990011 /* earth-day.jpg in Resources */,
				AAFF33445566778899001122 /* earth-night.jpg in Resources */,
			);
			runOnlyForDeploymentPostprocessing = 0;
		};
/* End PBXResourcesBuildPhase section */

/* Begin PBXSourcesBuildPhase section */
		75F106EDB76C44D7B3E2D41F /* Sources */ = {
			isa = PBXSourcesBuildPhase;
			buildActionMask = 2147483647;
			files = (
				2095C50EF52A480D82069BA8 /* NomadApp.swift in Sources */,
				6D05384D05EA4CB0A467BDDE /* AppDelegate.swift in Sources */,
				F9BE07D021994160B7542BA4 /* ContentView.swift in Sources */,
				4B751712728A4FCDB10D3B6F /* AppFont.swift in Sources */,
				14781ED6E9FF43CFA1727A08 /* AppColors.swift in Sources */,
				8B8907A07BA14115BE970B00 /* PanelGradient.swift in Sources */,
				BAB1B9137B594C2CABFA9A0E /* FirebaseService.swift in Sources */,
				C3D4E5F6A7B8C9D0E1F2A3B4 /* CountryFeature.swift in Sources */,
				E5F6A7B8C9D0E1F2A3B4C5D6 /* GeoJSONParser.swift in Sources */,
				AA01BB02CC03DD04EE05FF06 /* GlobeCountryOverlay.swift in Sources */,
				AA02BB03CC04DD05EE06FF07 /* GlobeViewModel.swift in Sources */,
				AA03BB04CC05DD06EE07FF08 /* GlobeView.swift in Sources */,
				CC04DD05EE06FF07AA08BB09 /* GlobePinpoint.swift in Sources */,
				EE05FF06AA07BB08CC09DD05 /* ProfileSheet.swift in Sources */,
				AA06BB07CC08DD09EE05FF06 /* TripDetailSheet.swift in Sources */,
				A100B200C300D400E500F601 /* AuthManager.swift in Sources */,
				A100B200C300D400E500F602 /* UserService.swift in Sources */,
				A100B200C300D400E500F603 /* RoutePoint.swift in Sources */,
				A100B200C300D400E500F604 /* TripLocal.swift in Sources */,
				A100B200C300D400E500F605 /* FirestoreSchema.swift in Sources */,
				PC01PC02PC03PC04PC05PC06 /* PlaceCategoryService.swift in Sources */,
				TS01TS02TS03TS04TS05TS06 /* TripService.swift in Sources */,
				LC01LC02LC03LC04LC05LC06 /* LocationManager.swift in Sources */,
				LC02LC03LC04LC05LC06LC07 /* VisitMonitor.swift in Sources */,
				LC03LC04LC05LC06LC07LC08 /* RouteSimplifier.swift in Sources */,
				OB01OB02OB03OB04OB05OB06 /* OnboardingCoordinator.swift in Sources */,
				OB02OB03OB04OB05OB06OB07 /* OnboardingView.swift in Sources */,
				OB03OB04OB05OB06OB07OB08 /* WelcomeScreen.swift in Sources */,
				OB04OB05OB06OB07OB08OB09 /* SignUpScreen.swift in Sources */,
				OB05OB06OB07OB08OB09OB10 /* HandleScreen.swift in Sources */,
				OB06OB07OB08OB09OB10OB11 /* LocationPermissionScreen.swift in Sources */,
				OB07OB08OB09OB10OB11OB12 /* PhotosPermissionScreen.swift in Sources */,
				OB08OB09OB10OB11OB12OB13 /* DiscoveryScopeScreen.swift in Sources */,
				OB09OB10OB11OB12OB13OB14 /* HomeCityScreen.swift in Sources */,
			);
			runOnlyForDeploymentPostprocessing = 0;
		};
/* End PBXSourcesBuildPhase section */

/* Begin XCBuildConfiguration section */
		0DD6EF5427F04A53A9D7A995 /* Debug */ = {
			isa = XCBuildConfiguration;
			buildSettings = {
				ALWAYS_SEARCH_USER_PATHS = NO;
				ASSETCATALOG_COMPILER_GENERATE_SWIFT_ASSET_SYMBOL_EXTENSIONS = YES;
				CLANG_ANALYZER_NONNULL = YES;
				CLANG_ANALYZER_NUMBER_OBJECT_CONVERSION = YES_AGGRESSIVE;
				CLANG_CXX_LANGUAGE_STANDARD = "gnu++20";
				CLANG_ENABLE_MODULES = YES;
				CLANG_ENABLE_OBJC_ARC = YES;
				CLANG_ENABLE_OBJC_WEAK = YES;
				CLANG_WARN_BLOCK_CAPTURE_AUTORELEASING = YES;
				CLANG_WARN_BOOL_CONVERSION = YES;
				CLANG_WARN_COMMA = YES;
				CLANG_WARN_CONSTANT_CONVERSION = YES;
				CLANG_WARN_DEPRECATED_OBJC_IMPLEMENTATIONS = YES;
				CLANG_WARN_DIRECT_OBJC_ISA_USAGE = YES_ERROR;
				CLANG_WARN_DOCUMENTATION_COMMENTS = YES;
				CLANG_WARN_EMPTY_BODY = YES;
				CLANG_WARN_ENUM_CONVERSION = YES;
				CLANG_WARN_INFINITE_RECURSION = YES;
				CLANG_WARN_INT_CONVERSION = YES;
				CLANG_WARN_NON_LITERAL_NULL_CONVERSION = YES;
				CLANG_WARN_OBJC_IMPLICIT_RETAIN_SELF = YES;
				CLANG_WARN_OBJC_LITERAL_CONVERSION = YES;
				CLANG_WARN_OBJC_ROOT_CLASS = YES_ERROR;
				CLANG_WARN_QUOTED_INCLUDE_IN_FRAMEWORK_HEADER = YES;
				CLANG_WARN_RANGE_LOOP_ANALYSIS = YES;
				CLANG_WARN_STRICT_PROTOTYPES = YES;
				CLANG_WARN_SUSPICIOUS_MOVE = YES;
				CLANG_WARN_UNGUARDED_AVAILABILITY = YES_AGGRESSIVE;
				CLANG_WARN_UNREACHABLE_CODE = YES;
				CLANG_WARN__DUPLICATE_METHOD_MATCH = YES;
				COPY_PHASE_STRIP = NO;
				DEBUG_INFORMATION_FORMAT = dwarf;
				ENABLE_STRICT_OBJC_MSGSEND = YES;
				ENABLE_TESTABILITY = YES;
				ENABLE_USER_SCRIPT_SANDBOXING = YES;
				GCC_C_LANGUAGE_STANDARD = gnu17;
				GCC_DYNAMIC_NO_PIC = NO;
				GCC_NO_COMMON_BLOCKS = YES;
				GCC_OPTIMIZATION_LEVEL = 0;
				GCC_PREPROCESSOR_DEFINITIONS = (
					"DEBUG=1",
					"$(inherited)",
				);
				GCC_WARN_64_TO_32_BIT_CONVERSION = YES;
				GCC_WARN_ABOUT_RETURN_TYPE = YES_ERROR;
				GCC_WARN_UNDECLARED_SELECTOR = YES;
				GCC_WARN_UNINITIALIZED_AUTOS = YES_AGGRESSIVE;
				GCC_WARN_UNUSED_FUNCTION = YES;
				GCC_WARN_UNUSED_VARIABLE = YES;
				IPHONEOS_DEPLOYMENT_TARGET = 18.0;
				MTL_ENABLE_DEBUG_INFO = INCLUDE_SOURCE;
				MTL_FAST_MATH = YES;
				ONLY_ACTIVE_ARCH = YES;
				SDKROOT = iphoneos;
				SWIFT_ACTIVE_COMPILATION_CONDITIONS = DEBUG;
				SWIFT_OPTIMIZATION_LEVEL = "-Onone";
			};
			name = Debug;
		};
		199304051A864AAEABAD50CE /* Release */ = {
			isa = XCBuildConfiguration;
			buildSettings = {
				ALWAYS_SEARCH_USER_PATHS = NO;
				ASSETCATALOG_COMPILER_GENERATE_SWIFT_ASSET_SYMBOL_EXTENSIONS = YES;
				CLANG_ANALYZER_NONNULL = YES;
				CLANG_ANALYZER_NUMBER_OBJECT_CONVERSION = YES_AGGRESSIVE;
				CLANG_CXX_LANGUAGE_STANDARD = "gnu++20";
				CLANG_ENABLE_MODULES = YES;
				CLANG_ENABLE_OBJC_ARC = YES;
				CLANG_ENABLE_OBJC_WEAK = YES;
				CLANG_WARN_BLOCK_CAPTURE_AUTORELEASING = YES;
				CLANG_WARN_BOOL_CONVERSION = YES;
				CLANG_WARN_COMMA = YES;
				CLANG_WARN_CONSTANT_CONVERSION = YES;
				CLANG_WARN_DEPRECATED_OBJC_IMPLEMENTATIONS = YES;
				CLANG_WARN_DIRECT_OBJC_ISA_USAGE = YES_ERROR;
				CLANG_WARN_DOCUMENTATION_COMMENTS = YES;
				CLANG_WARN_EMPTY_BODY = YES;
				CLANG_WARN_ENUM_CONVERSION = YES;
				CLANG_WARN_INFINITE_RECURSION = YES;
				CLANG_WARN_INT_CONVERSION = YES;
				CLANG_WARN_NON_LITERAL_NULL_CONVERSION = YES;
				CLANG_WARN_OBJC_IMPLICIT_RETAIN_SELF = YES;
				CLANG_WARN_OBJC_LITERAL_CONVERSION = YES;
				CLANG_WARN_OBJC_ROOT_CLASS = YES_ERROR;
				CLANG_WARN_QUOTED_INCLUDE_IN_FRAMEWORK_HEADER = YES;
				CLANG_WARN_RANGE_LOOP_ANALYSIS = YES;
				CLANG_WARN_STRICT_PROTOTYPES = YES;
				CLANG_WARN_SUSPICIOUS_MOVE = YES;
				CLANG_WARN_UNGUARDED_AVAILABILITY = YES_AGGRESSIVE;
				CLANG_WARN_UNREACHABLE_CODE = YES;
				CLANG_WARN__DUPLICATE_METHOD_MATCH = YES;
				COPY_PHASE_STRIP = NO;
				DEBUG_INFORMATION_FORMAT = "dwarf-with-dsym";
				ENABLE_NS_ASSERTIONS = NO;
				ENABLE_STRICT_OBJC_MSGSEND = YES;
				ENABLE_USER_SCRIPT_SANDBOXING = YES;
				GCC_C_LANGUAGE_STANDARD = gnu17;
				GCC_NO_COMMON_BLOCKS = YES;
				GCC_WARN_64_TO_32_BIT_CONVERSION = YES;
				GCC_WARN_ABOUT_RETURN_TYPE = YES_ERROR;
				GCC_WARN_UNDECLARED_SELECTOR = YES;
				GCC_WARN_UNINITIALIZED_AUTOS = YES_AGGRESSIVE;
				GCC_WARN_UNUSED_FUNCTION = YES;
				GCC_WARN_UNUSED_VARIABLE = YES;
				IPHONEOS_DEPLOYMENT_TARGET = 18.0;
				MTL_FAST_MATH = YES;
				SDKROOT = iphoneos;
				SWIFT_COMPILATION_MODE = wholemodule;
				SWIFT_OPTIMIZATION_LEVEL = "-O";
				VALIDATE_PRODUCT = YES;
			};
			name = Release;
		};
		0B85D8D0041741D29FA70B28 /* Debug */ = {
			isa = XCBuildConfiguration;
			buildSettings = {
				ASSETCATALOG_COMPILER_APPICON_NAME = AppIcon;
				ASSETCATALOG_COMPILER_GLOBAL_ACCENT_COLOR_NAME = AccentColor;
				CODE_SIGN_STYLE = Automatic;
				CURRENT_PROJECT_VERSION = 1;
				DEVELOPMENT_ASSET_PATHS = "";
				ENABLE_PREVIEWS = YES;
				GENERATE_INFOPLIST_FILE = NO;
				INFOPLIST_FILE = Nomad/Info.plist;
				IPHONEOS_DEPLOYMENT_TARGET = 18.0;
				LD_RUNPATH_SEARCH_PATHS = (
					"$(inherited)",
					"@executable_path/Frameworks",
				);
				MARKETING_VERSION = 1.0;
				PRODUCT_BUNDLE_IDENTIFIER = com.nomad.app;
				PRODUCT_NAME = "$(TARGET_NAME)";
				SDKROOT = iphoneos;
				SUPPORTED_PLATFORMS = "iphoneos iphonesimulator";
				SUPPORTS_MACCATALYST = NO;
				SWIFT_EMIT_LOC_STRINGS = YES;
				SWIFT_VERSION = 6.0;
				TARGETED_DEVICE_FAMILY = 1;
			};
			name = Debug;
		};
		3056255BB54049AD87C1CCA9 /* Release */ = {
			isa = XCBuildConfiguration;
			buildSettings = {
				ASSETCATALOG_COMPILER_APPICON_NAME = AppIcon;
				ASSETCATALOG_COMPILER_GLOBAL_ACCENT_COLOR_NAME = AccentColor;
				CODE_SIGN_STYLE = Automatic;
				CURRENT_PROJECT_VERSION = 1;
				DEVELOPMENT_ASSET_PATHS = "";
				ENABLE_PREVIEWS = YES;
				GENERATE_INFOPLIST_FILE = NO;
				INFOPLIST_FILE = Nomad/Info.plist;
				IPHONEOS_DEPLOYMENT_TARGET = 18.0;
				LD_RUNPATH_SEARCH_PATHS = (
					"$(inherited)",
					"@executable_path/Frameworks",
				);
				MARKETING_VERSION = 1.0;
				PRODUCT_BUNDLE_IDENTIFIER = com.nomad.app;
				PRODUCT_NAME = "$(TARGET_NAME)";
				SDKROOT = iphoneos;
				SUPPORTED_PLATFORMS = "iphoneos iphonesimulator";
				SUPPORTS_MACCATALYST = NO;
				SWIFT_EMIT_LOC_STRINGS = YES;
				SWIFT_VERSION = 6.0;
				TARGETED_DEVICE_FAMILY = 1;
			};
			name = Release;
		};
/* End XCBuildConfiguration section */

/* Begin XCConfigurationList section */
		8780AE1103B94AC8AC36CC87 /* Build configuration list for PBXProject "Nomad" */ = {
			isa = XCConfigurationList;
			buildConfigurations = (
				0DD6EF5427F04A53A9D7A995 /* Debug */,
				199304051A864AAEABAD50CE /* Release */,
			);
			defaultConfigurationIsVisible = 0;
			defaultConfigurationName = Release;
		};
		604BB53155A147BAA7BB0C5D /* Build configuration list for PBXNativeTarget "Nomad" */ = {
			isa = XCConfigurationList;
			buildConfigurations = (
				0B85D8D0041741D29FA70B28 /* Debug */,
				3056255BB54049AD87C1CCA9 /* Release */,
			);
			defaultConfigurationIsVisible = 0;
			defaultConfigurationName = Release;
		};
/* End XCConfigurationList section */


/* Begin XCRemoteSwiftPackageReference section */
		6D0DFF7CCD374DABA000D34F /* XCRemoteSwiftPackageReference "firebase-ios-sdk" */ = {
			isa = XCRemoteSwiftPackageReference;
			repositoryURL = "https://github.com/firebase/firebase-ios-sdk";
			requirement = {
				kind = upToNextMajorVersion;
				minimumVersion = 12.11.0;
			};
		};
/* End XCRemoteSwiftPackageReference section */

/* Begin XCSwiftPackageProductDependency section */
		9EE952BDC8C84275BA44757F /* FirebaseCore */ = {
			isa = XCSwiftPackageProductDependency;
			package = 6D0DFF7CCD374DABA000D34F /* XCRemoteSwiftPackageReference "firebase-ios-sdk" */;
			productName = FirebaseCore;
		};
		0D4685C4D8644F089CB0C03D /* FirebaseAuth */ = {
			isa = XCSwiftPackageProductDependency;
			package = 6D0DFF7CCD374DABA000D34F /* XCRemoteSwiftPackageReference "firebase-ios-sdk" */;
			productName = FirebaseAuth;
		};
		48686796E0384FFF865DA1B2 /* FirebaseFirestore */ = {
			isa = XCSwiftPackageProductDependency;
			package = 6D0DFF7CCD374DABA000D34F /* XCRemoteSwiftPackageReference "firebase-ios-sdk" */;
			productName = FirebaseFirestore;
		};
/* End XCSwiftPackageProductDependency section */

	};
	rootObject = C53AE09C1F6E442DA8B6C9DD /* Project object */;
}
